hash: 96b6cec49b6e6ea2f72e7e9a8032c99b0ceb037379c271c572c1a6a3d832f0ea
updated: 2016-07-02T03:40:17.627856723-07:00
imports:
- name: github.com/codegangsta/inject
  version: 33e0aa1cb7c019ccc3fbe049a8262a6403d30504
- name: github.com/go-gorp/gorp
  version: 6a3c8a87d0457cf700e57046c41e19b7cf3c44fa
- name: github.com/go-martini/martini
  version: 0c6ad5903d2bf9337762caa9c357247279c230c3
- name: github.com/martini-contrib/binding
  version: 8aaceec3b52c275477f32c95ea5c6e8ccaba04c5
- name: github.com/mattn/go-sqlite3
  version: 38ee283dabf11c9cbdb968eebd79b1fa7acbabe6
- name: github.com/nelsam/gorq
  version: a09472878ba73238070fda28d6d64ace839ab30d
- name: github.com/thoj/go-ircevent
  version: da78ed515c0f0833e7a92c7cc52898176198e2c1
devImports: []
